
Microsoft Visual Studio Solution File, Format Version 12.00
# Visual Studio Version 17
VisualStudioVersion = 17.0.32014.148
MinimumVisualStudioVersion = 10.0.40219.1
Project("{9A19103F-16F7-4668-BE54-9A1E7A4F7556}") = "AssignmentTwo", "AssignmentTwo.csproj", "{C3695C16-3399-43AB-9A2B-93950FAA2FA0}"
EndProject
Project("{FAE04EC0-301F-11D3-BF4B-00C04F79EFBC}") = "Assignment2_unitTest", "..\Assignment2_unitTest\Assignment2_unitTest.csproj", "{5D099C59-3ACF-4897-96CF-2B8743C7BD48}"
EndProject
Global
	GlobalSection(SolutionConfigurationPlatforms) = preSolution
		Debug|Any CPU = Debug|Any CPU
		Release|Any CPU = Release|Any CPU
	EndGlobalSection
	GlobalSection(ProjectConfigurationPlatforms) = postSolution
		{C3695C16-3399-43AB-9A2B-93950FAA2FA0}.Debug|Any CPU.ActiveCfg = Debug|Any CPU
		{C3695C16-3399-43AB-9A2B-93950FAA2FA0}.Debug|Any CPU.Build.0 = Debug|Any CPU
		{C3695C16-3399-43AB-9A2B-93950FAA2FA0}.Release|Any CPU.ActiveCfg = Release|Any CPU
		{C3695C16-3399-43AB-9A2B-93950FAA2FA0}.Release|Any CPU.Build.0 = Release|Any CPU
		{5D099C59-3ACF-4897-96CF-2B8743C7BD48}.Debug|Any CPU.ActiveCfg = Debug|Any CPU
		{5D099C59-3ACF-4897-96CF-2B8743C7BD48}.Debug|Any CPU.Build.0 = Debug|Any CPU
		{5D099C59-3ACF-4897-96CF-2B8743C7BD48}.Release|Any CPU.ActiveCfg = Release|Any CPU
		{5D099C59-3ACF-4897-96CF-2B8743C7BD48}.Release|Any CPU.Build.0 = Release|Any CPU
	EndGlobalSection
	GlobalSection(SolutionProperties) = preSolution
		HideSolutionNode = FALSE
	EndGlobalSection
	GlobalSection(ExtensibilityGlobals) = postSolution
		SolutionGuid = {0D48BAA1-D2FC-4E91-B100-CEE9C7002701}
	EndGlobalSection
EndGlobal
